
Microsoft Visual Studio Solution File, Format Version 12.00
# Visual Studio 2013
VisualStudioVersion = 12.0.31101.0
MinimumVisualStudioVersion = 10.0.40219.1
Project("{FAE04EC0-301F-11D3-BF4B-00C04F79EFBC}") = "UpdateMedlem2", "UpdateMedlem2\UpdateMedlem2.csproj", "{4CFFBF02-5CBD-4943-A43D-FB6FE3040E5A}"
EndProject
Project("{FAE04EC0-301F-11D3-BF4B-00C04F79EFBC}") = "PHPSerializationLibrary", "..\Medlem3060\PHPSerializationLibrary\PHPSerializationLibrary.csproj", "{4E7CFC61-4444-4EC8-A8F2-57D8EF21D84F}"
EndProject
Global
	GlobalSection(SolutionConfigurationPlatforms) = preSolution
		Debug|Any CPU = Debug|Any CPU
		Release|Any CPU = Release|Any CPU
	EndGlobalSection
	GlobalSection(ProjectConfigurationPlatforms) = postSolution
		{4CFFBF02-5CBD-4943-A43D-FB6FE3040E5A}.Debug|Any CPU.ActiveCfg = Debug|Any CPU
		{4CFFBF02-5CBD-4943-A43D-FB6FE3040E5A}.Debug|Any CPU.Build.0 = Debug|Any CPU
		{4CFFBF02-5CBD-4943-A43D-FB6FE3040E5A}.Release|Any CPU.ActiveCfg = Release|Any CPU
		{4CFFBF02-5CBD-4943-A43D-FB6FE3040E5A}.Release|Any CPU.Build.0 = Release|Any CPU
		{4E7CFC61-4444-4EC8-A8F2-57D8EF21D84F}.Debug|Any CPU.ActiveCfg = Debug|Any CPU
		{4E7CFC61-4444-4EC8-A8F2-57D8EF21D84F}.Debug|Any CPU.Build.0 = Debug|Any CPU
		{4E7CFC61-4444-4EC8-A8F2-57D8EF21D84F}.Release|Any CPU.ActiveCfg = Release|Any CPU
		{4E7CFC61-4444-4EC8-A8F2-57D8EF21D84F}.Release|Any CPU.Build.0 = Release|Any CPU
	EndGlobalSection
	GlobalSection(SolutionProperties) = preSolution
		HideSolutionNode = FALSE
	EndGlobalSection
EndGlobal
