
Microsoft Visual Studio Solution File, Format Version 9.00
# Visual Studio 2005
Project("{FAE04EC0-301F-11D3-BF4B-00C04F79EFBC}") = "CgenList", "CgenList\CgenList.csproj", "{444D2772-AFCD-423E-B025-986F2B4D70E7}"
EndProject
Project("{FAE04EC0-301F-11D3-BF4B-00C04F79EFBC}") = "CsaveDataset", "CsaveDataset\CsaveDataset.csproj", "{447B8B68-0154-476C-AE88-9372BD2AFDF7}"
EndProject
Project("{FAE04EC0-301F-11D3-BF4B-00C04F79EFBC}") = "wssGetList", "..\..\_Udvikl\wssGetList\wssGetList\wssGetList.csproj", "{C67FB0E3-B951-41AD-883F-6216FD4A251B}"
EndProject
Project("{FAE04EC0-301F-11D3-BF4B-00C04F79EFBC}") = "GenerateColumns", "GenerateColumns\GenerateColumns.csproj", "{A976B19C-51F4-4936-8F76-9F03C21EEA00}"
EndProject
Project("{FAE04EC0-301F-11D3-BF4B-00C04F79EFBC}") = "GenerateTypes", "GenerateTypes\GenerateTypes.csproj", "{2327B8B4-78C0-45E6-AAA7-7931F75CC285}"
EndProject
Project("{FAE04EC0-301F-11D3-BF4B-00C04F79EFBC}") = "UpdateGUID", "UpdateGUID\UpdateGUID.csproj", "{1594525C-F945-4128-8350-DAE1BA8D48F2}"
EndProject
Project("{FAE04EC0-301F-11D3-BF4B-00C04F79EFBC}") = "testXPath", "testXPath\testXPath.csproj", "{97563844-BCE5-4F18-B6F1-DDF6E7A85FAD}"
EndProject
Project("{FAE04EC0-301F-11D3-BF4B-00C04F79EFBC}") = "pvMetadata", "pvMetadata\pvMetadata.csproj", "{B919A8E3-BA95-4291-A123-7E3F65618786}"
EndProject
Global
	GlobalSection(SolutionConfigurationPlatforms) = preSolution
		Debug|Any CPU = Debug|Any CPU
		Release|Any CPU = Release|Any CPU
	EndGlobalSection
	GlobalSection(ProjectConfigurationPlatforms) = postSolution
		{444D2772-AFCD-423E-B025-986F2B4D70E7}.Debug|Any CPU.ActiveCfg = Debug|Any CPU
		{444D2772-AFCD-423E-B025-986F2B4D70E7}.Debug|Any CPU.Build.0 = Debug|Any CPU
		{444D2772-AFCD-423E-B025-986F2B4D70E7}.Release|Any CPU.ActiveCfg = Release|Any CPU
		{444D2772-AFCD-423E-B025-986F2B4D70E7}.Release|Any CPU.Build.0 = Release|Any CPU
		{447B8B68-0154-476C-AE88-9372BD2AFDF7}.Debug|Any CPU.ActiveCfg = Debug|Any CPU
		{447B8B68-0154-476C-AE88-9372BD2AFDF7}.Debug|Any CPU.Build.0 = Debug|Any CPU
		{447B8B68-0154-476C-AE88-9372BD2AFDF7}.Release|Any CPU.ActiveCfg = Release|Any CPU
		{447B8B68-0154-476C-AE88-9372BD2AFDF7}.Release|Any CPU.Build.0 = Release|Any CPU
		{C67FB0E3-B951-41AD-883F-6216FD4A251B}.Debug|Any CPU.ActiveCfg = Debug|Any CPU
		{C67FB0E3-B951-41AD-883F-6216FD4A251B}.Debug|Any CPU.Build.0 = Debug|Any CPU
		{C67FB0E3-B951-41AD-883F-6216FD4A251B}.Release|Any CPU.ActiveCfg = Release|Any CPU
		{C67FB0E3-B951-41AD-883F-6216FD4A251B}.Release|Any CPU.Build.0 = Release|Any CPU
		{A976B19C-51F4-4936-8F76-9F03C21EEA00}.Debug|Any CPU.ActiveCfg = Debug|Any CPU
		{A976B19C-51F4-4936-8F76-9F03C21EEA00}.Debug|Any CPU.Build.0 = Debug|Any CPU
		{A976B19C-51F4-4936-8F76-9F03C21EEA00}.Release|Any CPU.ActiveCfg = Release|Any CPU
		{A976B19C-51F4-4936-8F76-9F03C21EEA00}.Release|Any CPU.Build.0 = Release|Any CPU
		{2327B8B4-78C0-45E6-AAA7-7931F75CC285}.Debug|Any CPU.ActiveCfg = Debug|Any CPU
		{2327B8B4-78C0-45E6-AAA7-7931F75CC285}.Debug|Any CPU.Build.0 = Debug|Any CPU
		{2327B8B4-78C0-45E6-AAA7-7931F75CC285}.Release|Any CPU.ActiveCfg = Release|Any CPU
		{2327B8B4-78C0-45E6-AAA7-7931F75CC285}.Release|Any CPU.Build.0 = Release|Any CPU
		{1594525C-F945-4128-8350-DAE1BA8D48F2}.Debug|Any CPU.ActiveCfg = Debug|Any CPU
		{1594525C-F945-4128-8350-DAE1BA8D48F2}.Debug|Any CPU.Build.0 = Debug|Any CPU
		{1594525C-F945-4128-8350-DAE1BA8D48F2}.Release|Any CPU.ActiveCfg = Release|Any CPU
		{1594525C-F945-4128-8350-DAE1BA8D48F2}.Release|Any CPU.Build.0 = Release|Any CPU
		{97563844-BCE5-4F18-B6F1-DDF6E7A85FAD}.Debug|Any CPU.ActiveCfg = Debug|Any CPU
		{97563844-BCE5-4F18-B6F1-DDF6E7A85FAD}.Debug|Any CPU.Build.0 = Debug|Any CPU
		{97563844-BCE5-4F18-B6F1-DDF6E7A85FAD}.Release|Any CPU.ActiveCfg = Release|Any CPU
		{97563844-BCE5-4F18-B6F1-DDF6E7A85FAD}.Release|Any CPU.Build.0 = Release|Any CPU
		{B919A8E3-BA95-4291-A123-7E3F65618786}.Debug|Any CPU.ActiveCfg = Debug|Any CPU
		{B919A8E3-BA95-4291-A123-7E3F65618786}.Debug|Any CPU.Build.0 = Debug|Any CPU
		{B919A8E3-BA95-4291-A123-7E3F65618786}.Release|Any CPU.ActiveCfg = Release|Any CPU
		{B919A8E3-BA95-4291-A123-7E3F65618786}.Release|Any CPU.Build.0 = Release|Any CPU
	EndGlobalSection
	GlobalSection(SolutionProperties) = preSolution
		HideSolutionNode = FALSE
	EndGlobalSection
EndGlobal
