
Microsoft Visual Studio Solution File, Format Version 10.00
# Visual Studio 2008
Project("{FAE04EC0-301F-11D3-BF4B-00C04F79EFBC}") = "AccessToSQL", "AccessToSQL\AccessToSQL.csproj", "{74851EDC-6512-4C40-8D5C-171E637A36DB}"
EndProject
Global
	GlobalSection(SolutionConfigurationPlatforms) = preSolution
		Debug|Any CPU = Debug|Any CPU
		Release|Any CPU = Release|Any CPU
	EndGlobalSection
	GlobalSection(ProjectConfigurationPlatforms) = postSolution
		{74851EDC-6512-4C40-8D5C-171E637A36DB}.Debug|Any CPU.ActiveCfg = Debug|Any CPU
		{74851EDC-6512-4C40-8D5C-171E637A36DB}.Debug|Any CPU.Build.0 = Debug|Any CPU
		{74851EDC-6512-4C40-8D5C-171E637A36DB}.Release|Any CPU.ActiveCfg = Release|Any CPU
		{74851EDC-6512-4C40-8D5C-171E637A36DB}.Release|Any CPU.Build.0 = Release|Any CPU
	EndGlobalSection
	GlobalSection(SolutionProperties) = preSolution
		HideSolutionNode = FALSE
	EndGlobalSection
EndGlobal
