
Microsoft Visual Studio Solution File, Format Version 12.00
# Visual Studio 2013
VisualStudioVersion = 12.0.31101.0
MinimumVisualStudioVersion = 10.0.40219.1
Project("{FAE04EC0-301F-11D3-BF4B-00C04F79EFBC}") = "Medlem3060v2BatchJob", "Medlem3060v2BatchJob\Medlem3060v2BatchJob.csproj", "{29C87DA0-AAB2-49B5-9BCF-334E5C3CCEF3}"
EndProject
Project("{FAE04EC0-301F-11D3-BF4B-00C04F79EFBC}") = "Pbs3060v2", "Pbs3060v2\Pbs3060v2.csproj", "{A3D74814-2975-48BA-BE60-579126D91EB2}"
EndProject
Global
	GlobalSection(SolutionConfigurationPlatforms) = preSolution
		Debug|Any CPU = Debug|Any CPU
		Release|Any CPU = Release|Any CPU
	EndGlobalSection
	GlobalSection(ProjectConfigurationPlatforms) = postSolution
		{29C87DA0-AAB2-49B5-9BCF-334E5C3CCEF3}.Debug|Any CPU.ActiveCfg = Debug|Any CPU
		{29C87DA0-AAB2-49B5-9BCF-334E5C3CCEF3}.Debug|Any CPU.Build.0 = Debug|Any CPU
		{29C87DA0-AAB2-49B5-9BCF-334E5C3CCEF3}.Release|Any CPU.ActiveCfg = Release|Any CPU
		{29C87DA0-AAB2-49B5-9BCF-334E5C3CCEF3}.Release|Any CPU.Build.0 = Release|Any CPU
		{A3D74814-2975-48BA-BE60-579126D91EB2}.Debug|Any CPU.ActiveCfg = Debug|Any CPU
		{A3D74814-2975-48BA-BE60-579126D91EB2}.Debug|Any CPU.Build.0 = Debug|Any CPU
		{A3D74814-2975-48BA-BE60-579126D91EB2}.Release|Any CPU.ActiveCfg = Release|Any CPU
		{A3D74814-2975-48BA-BE60-579126D91EB2}.Release|Any CPU.Build.0 = Release|Any CPU
	EndGlobalSection
	GlobalSection(SolutionProperties) = preSolution
		HideSolutionNode = FALSE
	EndGlobalSection
EndGlobal
