
Microsoft Visual Studio Solution File, Format Version 12.00
# Visual Studio Version 16
VisualStudioVersion = 16.0.29009.5
MinimumVisualStudioVersion = 10.0.40219.1
Project("{9A19103F-16F7-4668-BE54-9A1E7A4F7556}") = "medlem3060functions", "medlem3060functions.csproj", "{4CEF57D0-D119-4E1E-B993-0C9AD1951EE2}"
EndProject
Global
	GlobalSection(SolutionConfigurationPlatforms) = preSolution
		Debug|Any CPU = Debug|Any CPU
		Release|Any CPU = Release|Any CPU
	EndGlobalSection
	GlobalSection(ProjectConfigurationPlatforms) = postSolution
		{4CEF57D0-D119-4E1E-B993-0C9AD1951EE2}.Debug|Any CPU.ActiveCfg = Debug|Any CPU
		{4CEF57D0-D119-4E1E-B993-0C9AD1951EE2}.Debug|Any CPU.Build.0 = Debug|Any CPU
		{4CEF57D0-D119-4E1E-B993-0C9AD1951EE2}.Release|Any CPU.ActiveCfg = Release|Any CPU
		{4CEF57D0-D119-4E1E-B993-0C9AD1951EE2}.Release|Any CPU.Build.0 = Release|Any CPU
	EndGlobalSection
	GlobalSection(SolutionProperties) = preSolution
		HideSolutionNode = FALSE
	EndGlobalSection
	GlobalSection(ExtensibilityGlobals) = postSolution
		SolutionGuid = {BBA31DD8-01D3-424E-BAE8-B9435D715091}
	EndGlobalSection
EndGlobal
